
Microsoft Visual Studio Solution File, Format Version 12.00
# Visual Studio Version 17
VisualStudioVersion = 17.0.31903.59
MinimumVisualStudioVersion = 10.0.40219.1
Project("{FAE04EC0-301F-11D3-BF4B-00C04F79EFBC}") = "Desafio.Core", "Desafio.Core\Desafio.Core.csproj", "{5470DD4D-E11D-4570-97EB-F1F62B5DFB24}"
EndProject
Project("{FAE04EC0-301F-11D3-BF4B-00C04F79EFBC}") = "Desafio.Api", "Desafio.Api\Desafio.Api.csproj", "{5C1D2AD8-DCE7-471B-92E3-1C1F4ACB643C}"
EndProject
Global
	GlobalSection(SolutionConfigurationPlatforms) = preSolution
		Debug|Any CPU = Debug|Any CPU
		Release|Any CPU = Release|Any CPU
	EndGlobalSection
	GlobalSection(SolutionProperties) = preSolution
		HideSolutionNode = FALSE
	EndGlobalSection
	GlobalSection(ProjectConfigurationPlatforms) = postSolution
		{5470DD4D-E11D-4570-97EB-F1F62B5DFB24}.Debug|Any CPU.ActiveCfg = Debug|Any CPU
		{5470DD4D-E11D-4570-97EB-F1F62B5DFB24}.Debug|Any CPU.Build.0 = Debug|Any CPU
		{5470DD4D-E11D-4570-97EB-F1F62B5DFB24}.Release|Any CPU.ActiveCfg = Release|Any CPU
		{5470DD4D-E11D-4570-97EB-F1F62B5DFB24}.Release|Any CPU.Build.0 = Release|Any CPU
		{5C1D2AD8-DCE7-471B-92E3-1C1F4ACB643C}.Debug|Any CPU.ActiveCfg = Debug|Any CPU
		{5C1D2AD8-DCE7-471B-92E3-1C1F4ACB643C}.Debug|Any CPU.Build.0 = Debug|Any CPU
		{5C1D2AD8-DCE7-471B-92E3-1C1F4ACB643C}.Release|Any CPU.ActiveCfg = Release|Any CPU
		{5C1D2AD8-DCE7-471B-92E3-1C1F4ACB643C}.Release|Any CPU.Build.0 = Release|Any CPU
	EndGlobalSection
EndGlobal
